
Microsoft Visual Studio Solution File, Format Version 12.00
# Visual Studio 15
VisualStudioVersion = 15.0.27004.2009
MinimumVisualStudioVersion = 10.0.40219.1
Project("{FAE04EC0-301F-11D3-BF4B-00C04F79EFBC}") = "SpaceGameBeta", "SpaceGameBeta\SpaceGameBeta.csproj", "{C52AAE72-F62C-4DD9-ABF7-399DCCC304AB}"
EndProject
Global
	GlobalSection(SolutionConfigurationPlatforms) = preSolution
		Debug|Any CPU = Debug|Any CPU
		Release|Any CPU = Release|Any CPU
	EndGlobalSection
	GlobalSection(ProjectConfigurationPlatforms) = postSolution
		{C52AAE72-F62C-4DD9-ABF7-399DCCC304AB}.Debug|Any CPU.ActiveCfg = Debug|Any CPU
		{C52AAE72-F62C-4DD9-ABF7-399DCCC304AB}.Debug|Any CPU.Build.0 = Debug|Any CPU
		{C52AAE72-F62C-4DD9-ABF7-399DCCC304AB}.Release|Any CPU.ActiveCfg = Release|Any CPU
		{C52AAE72-F62C-4DD9-ABF7-399DCCC304AB}.Release|Any CPU.Build.0 = Release|Any CPU
	EndGlobalSection
	GlobalSection(SolutionProperties) = preSolution
		HideSolutionNode = FALSE
	EndGlobalSection
	GlobalSection(ExtensibilityGlobals) = postSolution
		SolutionGuid = {C0224D9D-C2ED-45AD-BEF7-DD0053B556F8}
	EndGlobalSection
EndGlobal
